
Microsoft Visual Studio Solution File, Format Version 12.00
# Visual Studio Version 17
VisualStudioVersion = 17.2.32602.215
MinimumVisualStudioVersion = 10.0.40219.1
Project("{FAE04EC0-301F-11D3-BF4B-00C04F79EFBC}") = "FlightPlanner-WebApp", "FlightPlanner-WebApp\FlightPlanner-WebApp.csproj", "{AD5C1723-3A36-478A-9528-1AF25CF5CC45}"
EndProject
Global
	GlobalSection(SolutionConfigurationPlatforms) = preSolution
		Debug|Any CPU = Debug|Any CPU
		Release|Any CPU = Release|Any CPU
	EndGlobalSection
	GlobalSection(ProjectConfigurationPlatforms) = postSolution
		{AD5C1723-3A36-478A-9528-1AF25CF5CC45}.Debug|Any CPU.ActiveCfg = Debug|Any CPU
		{AD5C1723-3A36-478A-9528-1AF25CF5CC45}.Debug|Any CPU.Build.0 = Debug|Any CPU
		{AD5C1723-3A36-478A-9528-1AF25CF5CC45}.Release|Any CPU.ActiveCfg = Release|Any CPU
		{AD5C1723-3A36-478A-9528-1AF25CF5CC45}.Release|Any CPU.Build.0 = Release|Any CPU
	EndGlobalSection
	GlobalSection(SolutionProperties) = preSolution
		HideSolutionNode = FALSE
	EndGlobalSection
	GlobalSection(ExtensibilityGlobals) = postSolution
		SolutionGuid = {FC7AA77D-5041-47A1-ADD0-DCCC7A683A1B}
	EndGlobalSection
EndGlobal
